
Microsoft Visual Studio Solution File, Format Version 12.00
# Visual Studio Version 17
VisualStudioVersion = 17.4.33205.214
MinimumVisualStudioVersion = 10.0.40219.1
Project("{FAE04EC0-301F-11D3-BF4B-00C04F79EFBC}") = "MagicApi", "MagicApi\MagicApi.csproj", "{01C8480E-61BE-44D2-AF67-F82FB1D4B8AB}"
EndProject
Global
	GlobalSection(SolutionConfigurationPlatforms) = preSolution
		Debug|Any CPU = Debug|Any CPU
		Release|Any CPU = Release|Any CPU
	EndGlobalSection
	GlobalSection(ProjectConfigurationPlatforms) = postSolution
		{01C8480E-61BE-44D2-AF67-F82FB1D4B8AB}.Debug|Any CPU.ActiveCfg = Debug|Any CPU
		{01C8480E-61BE-44D2-AF67-F82FB1D4B8AB}.Debug|Any CPU.Build.0 = Debug|Any CPU
		{01C8480E-61BE-44D2-AF67-F82FB1D4B8AB}.Release|Any CPU.ActiveCfg = Release|Any CPU
		{01C8480E-61BE-44D2-AF67-F82FB1D4B8AB}.Release|Any CPU.Build.0 = Release|Any CPU
	EndGlobalSection
	GlobalSection(SolutionProperties) = preSolution
		HideSolutionNode = FALSE
	EndGlobalSection
	GlobalSection(ExtensibilityGlobals) = postSolution
		SolutionGuid = {50996638-DDC7-4379-AF9F-43B06B986FD8}
	EndGlobalSection
EndGlobal
